{
  "nodes": {
    "nixpkgs": {
      "locked": {
        "lastModified": 1768242861,
        "narHash": "sha256-F4IIxa5xDHjtrmMcayM8lHctUq1oGltfBQu2+oqDWP4=",
        "owner": "NixOS",
        "repo": "nixpkgs",
        "rev": "1327e798cb055f96f92685df444e9a2c326ab5ed",
        "type": "github"
      },
      "original": {
        "owner": "NixOS",
        "ref": "nixos-25.11",
        "repo": "nixpkgs",
        "type": "github"
      }
    },
    "root": {
      "inputs": {
        "nixpkgs": "nixpkgs",
        "sops-nix": "sops-nix"
      }
    },
    "sops-nix": {
      "inputs": {
        "nixpkgs": [
          "nixpkgs"
        ]
      },
      "locked": {
        "lastModified": 1768271704,
        "narHash": "sha256-jJqlW8A3OZ5tYbXphF7U8P8g/3Cn8PPwPa4YlJ/9agg=",
        "owner": "Mic92",
        "repo": "sops-nix",
        "rev": "691b8b6713855d0fe463993867291c158472fc6f",
        "type": "github"
      },
      "original": {
        "owner": "Mic92",
        "repo": "sops-nix",
        "type": "github"
      }
    }
  },
  "root": "root",
  "version": 7
}
